
Microsoft Visual Studio Solution File, Format Version 12.00
# Visual Studio Version 17
VisualStudioVersion = 17.13.35507.96 d17.13
MinimumVisualStudioVersion = 10.0.40219.1
Project("{FAE04EC0-301F-11D3-BF4B-00C04F79EFBC}") = "MockQueryable", "MockQueryable\MockQueryable.csproj", "{1758BB33-EE09-4F71-A16F-D717A5B0E9D7}"
EndProject
Project("{FAE04EC0-301F-11D3-BF4B-00C04F79EFBC}") = "MockQueryable2", "MockQueryable2\MockQueryable2.csproj", "{FA999482-AD19-4E08-BEF7-B5D1BC167517}"
EndProject
Global
	GlobalSection(SolutionConfigurationPlatforms) = preSolution
		Debug|Any CPU = Debug|Any CPU
		Release|Any CPU = Release|Any CPU
	EndGlobalSection
	GlobalSection(ProjectConfigurationPlatforms) = postSolution
		{1758BB33-EE09-4F71-A16F-D717A5B0E9D7}.Debug|Any CPU.ActiveCfg = Debug|Any CPU
		{1758BB33-EE09-4F71-A16F-D717A5B0E9D7}.Debug|Any CPU.Build.0 = Debug|Any CPU
		{1758BB33-EE09-4F71-A16F-D717A5B0E9D7}.Release|Any CPU.ActiveCfg = Release|Any CPU
		{1758BB33-EE09-4F71-A16F-D717A5B0E9D7}.Release|Any CPU.Build.0 = Release|Any CPU
		{FA999482-AD19-4E08-BEF7-B5D1BC167517}.Debug|Any CPU.ActiveCfg = Debug|Any CPU
		{FA999482-AD19-4E08-BEF7-B5D1BC167517}.Debug|Any CPU.Build.0 = Debug|Any CPU
		{FA999482-AD19-4E08-BEF7-B5D1BC167517}.Release|Any CPU.ActiveCfg = Release|Any CPU
		{FA999482-AD19-4E08-BEF7-B5D1BC167517}.Release|Any CPU.Build.0 = Release|Any CPU
	EndGlobalSection
	GlobalSection(SolutionProperties) = preSolution
		HideSolutionNode = FALSE
	EndGlobalSection
	GlobalSection(ExtensibilityGlobals) = postSolution
		SolutionGuid = {C38B4050-8FE9-4930-8C82-A6A76D146090}
	EndGlobalSection
EndGlobal
